
Microsoft Visual Studio Solution File, Format Version 12.00
# Visual Studio 2012
Project("{FAE04EC0-301F-11D3-BF4B-00C04F79EFBC}") = "LuckyStrike", "LuckyStrike\LuckyStrike.csproj", "{9C547157-355F-4EE5-AA19-CA3C3E19611D}"
EndProject
Project("{FAE04EC0-301F-11D3-BF4B-00C04F79EFBC}") = "Common", "Common\Common.csproj", "{15BE96EB-6BC7-465A-A6AC-EEA2E9CFECE4}"
EndProject
Project("{FAE04EC0-301F-11D3-BF4B-00C04F79EFBC}") = "Input", "Input\Input.csproj", "{5E0C3378-9614-41AD-8E21-8F86A306B91E}"
EndProject
Project("{FAE04EC0-301F-11D3-BF4B-00C04F79EFBC}") = "Output", "Output\Output.csproj", "{DE4A9047-7945-4668-999C-304E68E2C24C}"
EndProject
Project("{FAE04EC0-301F-11D3-BF4B-00C04F79EFBC}") = "AI", "AI\AI.csproj", "{097033C5-ABFF-46FD-86B4-BACA3403A8F4}"
EndProject
Global
	GlobalSection(SolutionConfigurationPlatforms) = preSolution
		Debug|Any CPU = Debug|Any CPU
		Debug|Mixed Platforms = Debug|Mixed Platforms
		Debug|x86 = Debug|x86
		Release|Any CPU = Release|Any CPU
		Release|Mixed Platforms = Release|Mixed Platforms
		Release|x86 = Release|x86
	EndGlobalSection
	GlobalSection(ProjectConfigurationPlatforms) = postSolution
		{9C547157-355F-4EE5-AA19-CA3C3E19611D}.Debug|Any CPU.ActiveCfg = Debug|Any CPU
		{9C547157-355F-4EE5-AA19-CA3C3E19611D}.Debug|Any CPU.Build.0 = Debug|Any CPU
		{9C547157-355F-4EE5-AA19-CA3C3E19611D}.Debug|Mixed Platforms.ActiveCfg = Debug|x86
		{9C547157-355F-4EE5-AA19-CA3C3E19611D}.Debug|Mixed Platforms.Build.0 = Debug|x86
		{9C547157-355F-4EE5-AA19-CA3C3E19611D}.Debug|x86.ActiveCfg = Debug|x86
		{9C547157-355F-4EE5-AA19-CA3C3E19611D}.Debug|x86.Build.0 = Debug|x86
		{9C547157-355F-4EE5-AA19-CA3C3E19611D}.Release|Any CPU.ActiveCfg = Release|Any CPU
		{9C547157-355F-4EE5-AA19-CA3C3E19611D}.Release|Any CPU.Build.0 = Release|Any CPU
		{9C547157-355F-4EE5-AA19-CA3C3E19611D}.Release|Mixed Platforms.ActiveCfg = Release|x86
		{9C547157-355F-4EE5-AA19-CA3C3E19611D}.Release|Mixed Platforms.Build.0 = Release|x86
		{9C547157-355F-4EE5-AA19-CA3C3E19611D}.Release|x86.ActiveCfg = Release|x86
		{9C547157-355F-4EE5-AA19-CA3C3E19611D}.Release|x86.Build.0 = Release|x86
		{15BE96EB-6BC7-465A-A6AC-EEA2E9CFECE4}.Debug|Any CPU.ActiveCfg = Debug|Any CPU
		{15BE96EB-6BC7-465A-A6AC-EEA2E9CFECE4}.Debug|Any CPU.Build.0 = Debug|Any CPU
		{15BE96EB-6BC7-465A-A6AC-EEA2E9CFECE4}.Debug|Mixed Platforms.ActiveCfg = Debug|x86
		{15BE96EB-6BC7-465A-A6AC-EEA2E9CFECE4}.Debug|Mixed Platforms.Build.0 = Debug|x86
		{15BE96EB-6BC7-465A-A6AC-EEA2E9CFECE4}.Debug|x86.ActiveCfg = Debug|x86
		{15BE96EB-6BC7-465A-A6AC-EEA2E9CFECE4}.Debug|x86.Build.0 = Debug|x86
		{15BE96EB-6BC7-465A-A6AC-EEA2E9CFECE4}.Release|Any CPU.ActiveCfg = Release|Any CPU
		{15BE96EB-6BC7-465A-A6AC-EEA2E9CFECE4}.Release|Any CPU.Build.0 = Release|Any CPU
		{15BE96EB-6BC7-465A-A6AC-EEA2E9CFECE4}.Release|Mixed Platforms.ActiveCfg = Release|x86
		{15BE96EB-6BC7-465A-A6AC-EEA2E9CFECE4}.Release|Mixed Platforms.Build.0 = Release|x86
		{15BE96EB-6BC7-465A-A6AC-EEA2E9CFECE4}.Release|x86.ActiveCfg = Release|x86
		{15BE96EB-6BC7-465A-A6AC-EEA2E9CFECE4}.Release|x86.Build.0 = Release|x86
		{5E0C3378-9614-41AD-8E21-8F86A306B91E}.Debug|Any CPU.ActiveCfg = Debug|Any CPU
		{5E0C3378-9614-41AD-8E21-8F86A306B91E}.Debug|Any CPU.Build.0 = Debug|Any CPU
		{5E0C3378-9614-41AD-8E21-8F86A306B91E}.Debug|Mixed Platforms.ActiveCfg = Debug|x86
		{5E0C3378-9614-41AD-8E21-8F86A306B91E}.Debug|Mixed Platforms.Build.0 = Debug|x86
		{5E0C3378-9614-41AD-8E21-8F86A306B91E}.Debug|x86.ActiveCfg = Debug|x86
		{5E0C3378-9614-41AD-8E21-8F86A306B91E}.Debug|x86.Build.0 = Debug|x86
		{5E0C3378-9614-41AD-8E21-8F86A306B91E}.Release|Any CPU.ActiveCfg = Release|Any CPU
		{5E0C3378-9614-41AD-8E21-8F86A306B91E}.Release|Any CPU.Build.0 = Release|Any CPU
		{5E0C3378-9614-41AD-8E21-8F86A306B91E}.Release|Mixed Platforms.ActiveCfg = Release|x86
		{5E0C3378-9614-41AD-8E21-8F86A306B91E}.Release|Mixed Platforms.Build.0 = Release|x86
		{5E0C3378-9614-41AD-8E21-8F86A306B91E}.Release|x86.ActiveCfg = Release|x86
		{5E0C3378-9614-41AD-8E21-8F86A306B91E}.Release|x86.Build.0 = Release|x86
		{DE4A9047-7945-4668-999C-304E68E2C24C}.Debug|Any CPU.ActiveCfg = Debug|Any CPU
		{DE4A9047-7945-4668-999C-304E68E2C24C}.Debug|Any CPU.Build.0 = Debug|Any CPU
		{DE4A9047-7945-4668-999C-304E68E2C24C}.Debug|Mixed Platforms.ActiveCfg = Debug|x86
		{DE4A9047-7945-4668-999C-304E68E2C24C}.Debug|Mixed Platforms.Build.0 = Debug|x86
		{DE4A9047-7945-4668-999C-304E68E2C24C}.Debug|x86.ActiveCfg = Debug|x86
		{DE4A9047-7945-4668-999C-304E68E2C24C}.Debug|x86.Build.0 = Debug|x86
		{DE4A9047-7945-4668-999C-304E68E2C24C}.Release|Any CPU.ActiveCfg = Release|Any CPU
		{DE4A9047-7945-4668-999C-304E68E2C24C}.Release|Any CPU.Build.0 = Release|Any CPU
		{DE4A9047-7945-4668-999C-304E68E2C24C}.Release|Mixed Platforms.ActiveCfg = Release|x86
		{DE4A9047-7945-4668-999C-304E68E2C24C}.Release|Mixed Platforms.Build.0 = Release|x86
		{DE4A9047-7945-4668-999C-304E68E2C24C}.Release|x86.ActiveCfg = Release|x86
		{DE4A9047-7945-4668-999C-304E68E2C24C}.Release|x86.Build.0 = Release|x86
		{097033C5-ABFF-46FD-86B4-BACA3403A8F4}.Debug|Any CPU.ActiveCfg = Debug|Any CPU
		{097033C5-ABFF-46FD-86B4-BACA3403A8F4}.Debug|Any CPU.Build.0 = Debug|Any CPU
		{097033C5-ABFF-46FD-86B4-BACA3403A8F4}.Debug|Mixed Platforms.ActiveCfg = Debug|x86
		{097033C5-ABFF-46FD-86B4-BACA3403A8F4}.Debug|Mixed Platforms.Build.0 = Debug|x86
		{097033C5-ABFF-46FD-86B4-BACA3403A8F4}.Debug|x86.ActiveCfg = Debug|x86
		{097033C5-ABFF-46FD-86B4-BACA3403A8F4}.Debug|x86.Build.0 = Debug|x86
		{097033C5-ABFF-46FD-86B4-BACA3403A8F4}.Release|Any CPU.ActiveCfg = Release|Any CPU
		{097033C5-ABFF-46FD-86B4-BACA3403A8F4}.Release|Any CPU.Build.0 = Release|Any CPU
		{097033C5-ABFF-46FD-86B4-BACA3403A8F4}.Release|Mixed Platforms.ActiveCfg = Release|x86
		{097033C5-ABFF-46FD-86B4-BACA3403A8F4}.Release|Mixed Platforms.Build.0 = Release|x86
		{097033C5-ABFF-46FD-86B4-BACA3403A8F4}.Release|x86.ActiveCfg = Release|x86
		{097033C5-ABFF-46FD-86B4-BACA3403A8F4}.Release|x86.Build.0 = Release|x86
	EndGlobalSection
	GlobalSection(SolutionProperties) = preSolution
		HideSolutionNode = FALSE
	EndGlobalSection
EndGlobal
